<?xml version="1.0" encoding="utf-8"?>
<Project ToolsVersion="4.0" xmlns="http://schemas.microsoft.com/developer/msbuild/2003">
  <ItemGroup>
    <Filter Include="Éléments communs">
      <UniqueIdentifier>c0e89d38-666d-4e95-881e-9ffbd580ff56</UniqueIdentifier>
    </Filter>
    <Filter Include="Actifs">
      <UniqueIdentifier>46ba4c41-cdf7-4b96-b784-83e9a2380c39</UniqueIdentifier>
      <Extensions>bmp;fbx;gif;jpg;jpeg;tga;tiff;tif;png</Extensions>
    </Filter>
    <Filter Include="Contenu">
      <UniqueIdentifier>6e497490-21e5-49d8-9932-8ae6edacf41a</UniqueIdentifier>
    </Filter>
    <ClInclude Include="Common\DirectXHelper.h">
      <Filter>Éléments communs</Filter>
    </ClInclude>
    <ClInclude Include="Common\StepTimer.h">
      <Filter>Éléments communs</Filter>
    </ClInclude>
    <ClCompile Include="Common\DeviceResources.cpp">
      <Filter>Éléments communs</Filter>
    </ClCompile>
    <ClInclude Include="Content\Sample3DSceneRenderer.h">
      <Filter>Contenu</Filter>
    </ClInclude>
    <ClInclude Include="Content\ShaderStructures.h">
      <Filter>Contenu</Filter>
    </ClInclude>
    <ClCompile Include="Content\Sample3DSceneRenderer.cpp">
      <Filter>Contenu</Filter>
    </ClCompile>
    <FxCompile Include="Content\SamplePixelShader.hlsl">
      <Filter>Contenu</Filter>
    </FxCompile>
    <FxCompile Include="Content\SampleVertexShader.hlsl">
      <Filter>Contenu</Filter>
    </FxCompile>
    <Image Include="Assets\LockScreenLogo.scale-200.png">
      <Filter>Actifs</Filter>
    </Image>
    <Image Include="Assets\SplashScreen.scale-200.png">
      <Filter>Actifs</Filter>
    </Image>
    <Image Include="Assets\Square150x150Logo.scale-200.png">
      <Filter>Actifs</Filter>
    </Image>
    <Image Include="Assets\Square44x44Logo.scale-200.png">
      <Filter>Actifs</Filter>
    </Image>
    <Image Include="Assets\Square44x44Logo.targetsize-24_altform-unplated.png">
      <Filter>Actifs</Filter>
    </Image>
    <Image Include="Assets\StoreLogo.png">
      <Filter>Actifs</Filter>
    </Image>
    <Image Include="Assets\Wide310x150Logo.scale-200.png">
      <Filter>Actifs</Filter>
    </Image>
  </ItemGroup>
  <ItemGroup>
    <ClCompile Include="App.cpp" />
    <ClCompile Include="Test2Main.cpp" />
    <ClCompile Include="pch.cpp" />
    <ClCompile Include="RenderManager.cpp" />
  </ItemGroup>
  <ItemGroup>
    <ClInclude Include="App.h" />
    <ClInclude Include="Common\d3dx12.h" />
    <ClInclude Include="Common\DeviceResources.h" />
    <ClInclude Include="Test2Main.h" />
    <ClInclude Include="pch.h" />
    <ClInclude Include="RenderManager.h" />
  </ItemGroup>
  <ItemGroup>
    <AppxManifest Include="Package.appxmanifest" />
  </ItemGroup>
</Project>